
Microsoft Visual Studio Solution File, Format Version 12.00
Project("{FAE04EC0-301F-11D3-BF4B-00C04F79EFBC}") = "Sage.WebApi", "Sage.WebApi\Sage.WebApi.csproj", "{AF99A7C6-1529-4A0C-80BF-9134E2D57931}"
EndProject
Project("{2150E333-8FDC-42A3-9474-1A3956D46DE8}") = "Solution Items", "Solution Items", "{EA6D8257-BCE5-4BA7-8705-5359EDB60058}"
	ProjectSection(SolutionItems) = preProject
		compose.yaml = compose.yaml
	EndProjectSection
EndProject
Project("{FAE04EC0-301F-11D3-BF4B-00C04F79EFBC}") = "Sage.AppHost", "Sage.AppHost\Sage.AppHost.csproj", "{0FF00298-1702-4350-A84D-030A5436A48E}"
EndProject
Project("{FAE04EC0-301F-11D3-BF4B-00C04F79EFBC}") = "Sage.ServiceDefaults", "Sage.ServiceDefaults\Sage.ServiceDefaults.csproj", "{7330B809-C346-461A-A9EC-0573DAD0934E}"
EndProject
Project("{FAE04EC0-301F-11D3-BF4B-00C04F79EFBC}") = "Sage.Tests", "Sage.Tests\Sage.Tests.csproj", "{5592FC85-DE44-4245-86C4-4E14344730AC}"
EndProject
Project("{9A19103F-16F7-4668-BE54-9A1E7A4F7556}") = "_build", "build\_build.csproj", "{48A15DDB-3B1D-4342-892A-6FACFD8B57AC}"
EndProject
Global
	GlobalSection(SolutionConfigurationPlatforms) = preSolution
		Debug|Any CPU = Debug|Any CPU
		Release|Any CPU = Release|Any CPU
	EndGlobalSection
	GlobalSection(ProjectConfigurationPlatforms) = postSolution
		{48A15DDB-3B1D-4342-892A-6FACFD8B57AC}.Debug|Any CPU.ActiveCfg = Debug|Any CPU
		{48A15DDB-3B1D-4342-892A-6FACFD8B57AC}.Release|Any CPU.ActiveCfg = Release|Any CPU
		{AF99A7C6-1529-4A0C-80BF-9134E2D57931}.Debug|Any CPU.ActiveCfg = Debug|Any CPU
		{AF99A7C6-1529-4A0C-80BF-9134E2D57931}.Debug|Any CPU.Build.0 = Debug|Any CPU
		{AF99A7C6-1529-4A0C-80BF-9134E2D57931}.Release|Any CPU.ActiveCfg = Release|Any CPU
		{AF99A7C6-1529-4A0C-80BF-9134E2D57931}.Release|Any CPU.Build.0 = Release|Any CPU
		{0FF00298-1702-4350-A84D-030A5436A48E}.Debug|Any CPU.ActiveCfg = Debug|Any CPU
		{0FF00298-1702-4350-A84D-030A5436A48E}.Debug|Any CPU.Build.0 = Debug|Any CPU
		{0FF00298-1702-4350-A84D-030A5436A48E}.Release|Any CPU.ActiveCfg = Release|Any CPU
		{0FF00298-1702-4350-A84D-030A5436A48E}.Release|Any CPU.Build.0 = Release|Any CPU
		{7330B809-C346-461A-A9EC-0573DAD0934E}.Debug|Any CPU.ActiveCfg = Debug|Any CPU
		{7330B809-C346-461A-A9EC-0573DAD0934E}.Debug|Any CPU.Build.0 = Debug|Any CPU
		{7330B809-C346-461A-A9EC-0573DAD0934E}.Release|Any CPU.ActiveCfg = Release|Any CPU
		{7330B809-C346-461A-A9EC-0573DAD0934E}.Release|Any CPU.Build.0 = Release|Any CPU
		{5592FC85-DE44-4245-86C4-4E14344730AC}.Debug|Any CPU.ActiveCfg = Debug|Any CPU
		{5592FC85-DE44-4245-86C4-4E14344730AC}.Debug|Any CPU.Build.0 = Debug|Any CPU
		{5592FC85-DE44-4245-86C4-4E14344730AC}.Release|Any CPU.ActiveCfg = Release|Any CPU
		{5592FC85-DE44-4245-86C4-4E14344730AC}.Release|Any CPU.Build.0 = Release|Any CPU
	EndGlobalSection
EndGlobal
